// !$*UTF8*$!
{
	archiveVersion = 1;
	classes = {
	};
	objectVersion = 50;
	objects = {

/* Begin PBXBuildFile section */
		CE6B3DCB2324AAEE009E710A /* AppDelegate.swift in Sources */ = {isa = PBXBuildFile; fileRef = CE6B3DCA2324AAEE009E710A /* AppDelegate.swift */; };
		CE6B3DCD2324AAEE009E710A /* ViewController.swift in Sources */ = {isa = PBXBuildFile; fileRef = CE6B3DCC2324AAEE009E710A /* ViewController.swift */; };
		CE6B3DD02324AAEE009E710A /* Main.storyboard in Resources */ = {isa = PBXBuildFile; fileRef = CE6B3DCE2324AAEE009E710A /* Main.storyboard */; };
		CE6B3DD22324AAEF009E710A /* Assets.xcassets in Resources */ = {isa = PBXBuildFile; fileRef = CE6B3DD12324AAEF009E710A /* Assets.xcassets */; };
		CE6B3DD52324AAEF009E710A /* LaunchScreen.storyboard in Resources */ = {isa = PBXBuildFile; fileRef = CE6B3DD32324AAEF009E710A /* LaunchScreen.storyboard */; };
		CE808447232CB40B0098C561 /* Sound8.wav in Resources */ = {isa = PBXBuildFile; fileRef = CE80843E232CB40B0098C561 /* Sound8.wav */; };
		CE808448232CB40B0098C561 /* Sound2.wav in Resources */ = {isa = PBXBuildFile; fileRef = CE80843F232CB40B0098C561 /* Sound2.wav */; };
		CE808449232CB40B0098C561 /* Sound3.wav in Resources */ = {isa = PBXBuildFile; fileRef = CE808440232CB40B0098C561 /* Sound3.wav */; };
		CE80844A232CB40B0098C561 /* Sound1.wav in Resources */ = {isa = PBXBuildFile; fileRef = CE808441232CB40B0098C561 /* Sound1.wav */; };
		CE80844B232CB40B0098C561 /* Sound0.wav in Resources */ = {isa = PBXBuildFile; fileRef = CE808442232CB40B0098C561 /* Sound0.wav */; };
		CE80844C232CB40B0098C561 /* Sound4.wav in Resources */ = {isa = PBXBuildFile; fileRef = CE808443232CB40B0098C561 /* Sound4.wav */; };
		CE80844D232CB40B0098C561 /* Sound5.wav in Resources */ = {isa = PBXBuildFile; fileRef = CE808444232CB40B0098C561 /* Sound5.wav */; };
		CE80844E232CB40B0098C561 /* Sound7.wav in Resources */ = {isa = PBXBuildFile; fileRef = CE808445232CB40B0098C561 /* Sound7.wav */; };
		CE80844F232CB40B0098C561 /* Sound6.wav in Resources */ = {isa = PBXBuildFile; fileRef = CE808446232CB40B0098C561 /* Sound6.wav */; };
/* End PBXBuildFile section */

/* Begin PBXFileReference section */
		CE6B3DC72324AAEE009E710A /* Part 1 - Sound Effects Application.app */ = {isa = PBXFileReference; explicitFileType = wrapper.application; includeInIndex = 0; path = "Part 1 - Sound Effects Application.app"; sourceTree = BUILT_PRODUCTS_DIR; };
		CE6B3DCA2324AAEE009E710A /* AppDelegate.swift */ = {isa = PBXFileReference; lastKnownFileType = sourcecode.swift; path = AppDelegate.swift; sourceTree = "<group>"; };
		CE6B3DCC2324AAEE009E710A /* ViewController.swift */ = {isa = PBXFileReference; lastKnownFileType = sourcecode.swift; path = ViewController.swift; sourceTree = "<group>"; };
		CE6B3DCF2324AAEE009E710A /* Base */ = {isa = PBXFileReference; lastKnownFileType = file.storyboard; name = Base; path = Base.lproj/Main.storyboard; sourceTree = "<group>"; };
		CE6B3DD12324AAEF009E710A /* Assets.xcassets */ = {isa = PBXFileReference; lastKnownFileType = folder.assetcatalog; path = Assets.xcassets; sourceTree = "<group>"; };
		CE6B3DD42324AAEF009E710A /* Base */ = {isa = PBXFileReference; lastKnownFileType = file.storyboard; name = Base; path = Base.lproj/LaunchScreen.storyboard; sourceTree = "<group>"; };
		CE6B3DD62324AAEF009E710A /* Info.plist */ = {isa = PBXFileReference; lastKnownFileType = text.plist.xml; path = Info.plist; sourceTree = "<group>"; };
		CE80843E232CB40B0098C561 /* Sound8.wav */ = {isa = PBXFileReference; lastKnownFileType = audio.wav; path = Sound8.wav; sourceTree = "<group>"; };
		CE80843F232CB40B0098C561 /* Sound2.wav */ = {isa = PBXFileReference; lastKnownFileType = audio.wav; path = Sound2.wav; sourceTree = "<group>"; };
		CE808440232CB40B0098C561 /* Sound3.wav */ = {isa = PBXFileReference; lastKnownFileType = audio.wav; path = Sound3.wav; sourceTree = "<group>"; };
		CE808441232CB40B0098C561 /* Sound1.wav */ = {isa = PBXFileReference; lastKnownFileType = audio.wav; path = Sound1.wav; sourceTree = "<group>"; };
		CE808442232CB40B0098C561 /* Sound0.wav */ = {isa = PBXFileReference; lastKnownFileType = audio.wav; path = Sound0.wav; sourceTree = "<group>"; };
		CE808443232CB40B0098C561 /* Sound4.wav */ = {isa = PBXFileReference; lastKnownFileType = audio.wav; path = Sound4.wav; sourceTree = "<group>"; };
		CE808444232CB40B0098C561 /* Sound5.wav */ = {isa = PBXFileReference; lastKnownFileType = audio.wav; path = Sound5.wav; sourceTree = "<group>"; };
		CE808445232CB40B0098C561 /* Sound7.wav */ = {isa = PBXFileReference; lastKnownFileType = audio.wav; path = Sound7.wav; sourceTree = "<group>"; };
		CE808446232CB40B0098C561 /* Sound6.wav */ = {isa = PBXFileReference; lastKnownFileType = audio.wav; path = Sound6.wav; sourceTree = "<group>"; };
/* End PBXFileReference section */

/* Begin PBXFrameworksBuildPhase section */
		CE6B3DC42324AAEE009E710A /* Frameworks */ = {
			isa = PBXFrameworksBuildPhase;
			buildActionMask = 2147483647;
			files = (
			);
			runOnlyForDeploymentPostprocessing = 0;
		};
/* End PBXFrameworksBuildPhase section */

/* Begin PBXGroup section */
		CE6B3DBE2324AAEE009E710A = {
			isa = PBXGroup;
			children = (
				CE6B3DC92324AAEE009E710A /* Part 1 - Sound Effects Application */,
				CE6B3DC82324AAEE009E710A /* Products */,
			);
			sourceTree = "<group>";
		};
		CE6B3DC82324AAEE009E710A /* Products */ = {
			isa = PBXGroup;
			children = (
				CE6B3DC72324AAEE009E710A /* Part 1 - Sound Effects Application.app */,
			);
			name = Products;
			sourceTree = "<group>";
		};
		CE6B3DC92324AAEE009E710A /* Part 1 - Sound Effects Application */ = {
			isa = PBXGroup;
			children = (
				CE80843D232CB40B0098C561 /* Sounds */,
				CE6B3DCA2324AAEE009E710A /* AppDelegate.swift */,
				CE6B3DCC2324AAEE009E710A /* ViewController.swift */,
				CE6B3DCE2324AAEE009E710A /* Main.storyboard */,
				CE6B3DD12324AAEF009E710A /* Assets.xcassets */,
				CE6B3DD32324AAEF009E710A /* LaunchScreen.storyboard */,
				CE6B3DD62324AAEF009E710A /* Info.plist */,
			);
			path = "Part 1 - Sound Effects Application";
			sourceTree = "<group>";
		};
		CE80843D232CB40B0098C561 /* Sounds */ = {
			isa = PBXGroup;
			children = (
				CE808442232CB40B0098C561 /* Sound0.wav */,
				CE808441232CB40B0098C561 /* Sound1.wav */,
				CE80843F232CB40B0098C561 /* Sound2.wav */,
				CE808440232CB40B0098C561 /* Sound3.wav */,
				CE808443232CB40B0098C561 /* Sound4.wav */,
				CE808444232CB40B0098C561 /* Sound5.wav */,
				CE808446232CB40B0098C561 /* Sound6.wav */,
				CE808445232CB40B0098C561 /* Sound7.wav */,
				CE80843E232CB40B0098C561 /* Sound8.wav */,
			);
			path = Sounds;
			sourceTree = "<group>";
		};
/* End PBXGroup section */

/* Begin PBXNativeTarget section */
		CE6B3DC62324AAEE009E710A /* Part 1 - Sound Effects Application */ = {
			isa = PBXNativeTarget;
			buildConfigurationList = CE6B3DD92324AAEF009E710A /* Build configuration list for PBXNativeTarget "Part 1 - Sound Effects Application" */;
			buildPhases = (
				CE6B3DC32324AAEE009E710A /* Sources */,
				CE6B3DC42324AAEE009E710A /* Frameworks */,
				CE6B3DC52324AAEE009E710A /* Resources */,
			);
			buildRules = (
			);
			dependencies = (
			);
			name = "Part 1 - Sound Effects Application";
			productName = "Part 1 - Sound Effects Application";
			productReference = CE6B3DC72324AAEE009E710A /* Part 1 - Sound Effects Application.app */;
			productType = "com.apple.product-type.application";
		};
/* End PBXNativeTarget section */

/* Begin PBXProject section */
		CE6B3DBF2324AAEE009E710A /* Project object */ = {
			isa = PBXProject;
			attributes = {
				LastSwiftUpdateCheck = 1030;
				LastUpgradeCheck = 1030;
				ORGANIZATIONNAME = Unitec;
				TargetAttributes = {
					CE6B3DC62324AAEE009E710A = {
						CreatedOnToolsVersion = 10.3;
					};
				};
			};
			buildConfigurationList = CE6B3DC22324AAEE009E710A /* Build configuration list for PBXProject "Part 1 - Sound Effects Application" */;
			compatibilityVersion = "Xcode 9.3";
			developmentRegion = en;
			hasScannedForEncodings = 0;
			knownRegions = (
				en,
				Base,
			);
			mainGroup = CE6B3DBE2324AAEE009E710A;
			productRefGroup = CE6B3DC82324AAEE009E710A /* Products */;
			projectDirPath = "";
			projectRoot = "";
			targets = (
				CE6B3DC62324AAEE009E710A /* Part 1 - Sound Effects Application */,
			);
		};
/* End PBXProject section */

/* Begin PBXResourcesBuildPhase section */
		CE6B3DC52324AAEE009E710A /* Resources */ = {
			isa = PBXResourcesBuildPhase;
			buildActionMask = 2147483647;
			files = (
				CE80844A232CB40B0098C561 /* Sound1.wav in Resources */,
				CE6B3DD52324AAEF009E710A /* LaunchScreen.storyboard in Resources */,
				CE6B3DD22324AAEF009E710A /* Assets.xcassets in Resources */,
				CE80844E232CB40B0098C561 /* Sound7.wav in Resources */,
				CE808449232CB40B0098C561 /* Sound3.wav in Resources */,
				CE80844F232CB40B0098C561 /* Sound6.wav in Resources */,
				CE6B3DD02324AAEE009E710A /* Main.storyboard in Resources */,
				CE808448232CB40B0098C561 /* Sound2.wav in Resources */,
				CE808447232CB40B0098C561 /* Sound8.wav in Resources */,
				CE80844C232CB40B0098C561 /* Sound4.wav in Resources */,
				CE80844D232CB40B0098C561 /* Sound5.wav in Resources */,
				CE80844B232CB40B0098C561 /* Sound0.wav in Resources */,
			);
			runOnlyForDeploymentPostprocessing = 0;
		};
/* End PBXResourcesBuildPhase section */

/* Begin PBXSourcesBuildPhase section */
		CE6B3DC32324AAEE009E710A /* Sources */ = {
			isa = PBXSourcesBuildPhase;
			buildActionMask = 2147483647;
			files = (
				CE6B3DCD2324AAEE009E710A /* ViewController.swift in Sources */,
				CE6B3DCB2324AAEE009E710A /* AppDelegate.swift in Sources */,
			);
			runOnlyForDeploymentPostprocessing = 0;
		};
/* End PBXSourcesBuildPhase section */

/* Begin PBXVariantGroup section */
		CE6B3DCE2324AAEE009E710A /* Main.storyboard */ = {
			isa = PBXVariantGroup;
			children = (
				CE6B3DCF2324AAEE009E710A /* Base */,
			);
			name = Main.storyboard;
			sourceTree = "<group>";
		};
		CE6B3DD32324AAEF009E710A /* LaunchScreen.storyboard */ = {
			isa = PBXVariantGroup;
			children = (
				CE6B3DD42324AAEF009E710A /* Base */,
			);
			name = LaunchScreen.storyboard;
			sourceTree = "<group>";
		};
/* End PBXVariantGroup section */

/* Begin XCBuildConfiguration section */
		CE6B3DD72324AAEF009E710A /* Debug */ = {
			isa = XCBuildConfiguration;
			buildSettings = {
				ALWAYS_SEARCH_USER_PATHS = NO;
				CLANG_ANALYZER_NONNULL = YES;
				CLANG_ANALYZER_NUMBER_OBJECT_CONVERSION = YES_AGGRESSIVE;
				CLANG_CXX_LANGUAGE_STANDARD = "gnu++14";
				CLANG_CXX_LIBRARY = "libc++";
				CLANG_ENABLE_MODULES = YES;
				CLANG_ENABLE_OBJC_ARC = YES;
				CLANG_ENABLE_OBJC_WEAK = YES;
				CLANG_WARN_BLOCK_CAPTURE_AUTORELEASING = YES;
				CLANG_WARN_BOOL_CONVERSION = YES;
				CLANG_WARN_COMMA = YES;
				CLANG_WARN_CONSTANT_CONVERSION = YES;
				CLANG_WARN_DEPRECATED_OBJC_IMPLEMENTATIONS = YES;
				CLANG_WARN_DIRECT_OBJC_ISA_USAGE = YES_ERROR;
				CLANG_WARN_DOCUMENTATION_COMMENTS = YES;
				CLANG_WARN_EMPTY_BODY = YES;
				CLANG_WARN_ENUM_CONVERSION = YES;
				CLANG_WARN_INFINITE_RECURSION = YES;
				CLANG_WARN_INT_CONVERSION = YES;
				CLANG_WARN_NON_LITERAL_NULL_CONVERSION = YES;
				CLANG_WARN_OBJC_IMPLICIT_RETAIN_SELF = YES;
				CLANG_WARN_OBJC_LITERAL_CONVERSION = YES;
				CLANG_WARN_OBJC_ROOT_CLASS = YES_ERROR;
				CLANG_WARN_RANGE_LOOP_ANALYSIS = YES;
				CLANG_WARN_STRICT_PROTOTYPES = YES;
				CLANG_WARN_SUSPICIOUS_MOVE = YES;
				CLANG_WARN_UNGUARDED_AVAILABILITY = YES_AGGRESSIVE;
				CLANG_WARN_UNREACHABLE_CODE = YES;
				CLANG_WARN__DUPLICATE_METHOD_MATCH = YES;
				CODE_SIGN_IDENTITY = "iPhone Developer";
				COPY_PHASE_STRIP = NO;
				DEBUG_INFORMATION_FORMAT = dwarf;
				ENABLE_STRICT_OBJC_MSGSEND = YES;
				ENABLE_TESTABILITY = YES;
				GCC_C_LANGUAGE_STANDARD = gnu11;
				GCC_DYNAMIC_NO_PIC = NO;
				GCC_NO_COMMON_BLOCKS = YES;
				GCC_OPTIMIZATION_LEVEL = 0;
				GCC_PREPROCESSOR_DEFINITIONS = (
					"DEBUG=1",
					"$(inherited)",
				);
				GCC_WARN_64_TO_32_BIT_CONVERSION = YES;
				GCC_WARN_ABOUT_RETURN_TYPE = YES_ERROR;
				GCC_WARN_UNDECLARED_SELECTOR = YES;
				GCC_WARN_UNINITIALIZED_AUTOS = YES_AGGRESSIVE;
				GCC_WARN_UNUSED_FUNCTION = YES;
				GCC_WARN_UNUSED_VARIABLE = YES;
				IPHONEOS_DEPLOYMENT_TARGET = 12.4;
				MTL_ENABLE_DEBUG_INFO = INCLUDE_SOURCE;
				MTL_FAST_MATH = YES;
				ONLY_ACTIVE_ARCH = YES;
				SDKROOT = iphoneos;
				SWIFT_ACTIVE_COMPILATION_CONDITIONS = DEBUG;
				SWIFT_OPTIMIZATION_LEVEL = "-Onone";
			};
			name = Debug;
		};
		CE6B3DD82324AAEF009E710A /* Release */ = {
			isa = XCBuildConfiguration;
			buildSettings = {
				ALWAYS_SEARCH_USER_PATHS = NO;
				CLANG_ANALYZER_NONNULL = YES;
				CLANG_ANALYZER_NUMBER_OBJECT_CONVERSION = YES_AGGRESSIVE;
				CLANG_CXX_LANGUAGE_STANDARD = "gnu++14";
				CLANG_CXX_LIBRARY = "libc++";
				CLANG_ENABLE_MODULES = YES;
				CLANG_ENABLE_OBJC_ARC = YES;
				CLANG_ENABLE_OBJC_WEAK = YES;
				CLANG_WARN_BLOCK_CAPTURE_AUTORELEASING = YES;
				CLANG_WARN_BOOL_CONVERSION = YES;
				CLANG_WARN_COMMA = YES;
				CLANG_WARN_CONSTANT_CONVERSION = YES;
				CLANG_WARN_DEPRECATED_OBJC_IMPLEMENTATIONS = YES;
				CLANG_WARN_DIRECT_OBJC_ISA_USAGE = YES_ERROR;
				CLANG_WARN_DOCUMENTATION_COMMENTS = YES;
				CLANG_WARN_EMPTY_BODY = YES;
				CLANG_WARN_ENUM_CONVERSION = YES;
				CLANG_WARN_INFINITE_RECURSION = YES;
				CLANG_WARN_INT_CONVERSION = YES;
				CLANG_WARN_NON_LITERAL_NULL_CONVERSION = YES;
				CLANG_WARN_OBJC_IMPLICIT_RETAIN_SELF = YES;
				CLANG_WARN_OBJC_LITERAL_CONVERSION = YES;
				CLANG_WARN_OBJC_ROOT_CLASS = YES_ERROR;
				CLANG_WARN_RANGE_LOOP_ANALYSIS = YES;
				CLANG_WARN_STRICT_PROTOTYPES = YES;
				CLANG_WARN_SUSPICIOUS_MOVE = YES;
				CLANG_WARN_UNGUARDED_AVAILABILITY = YES_AGGRESSIVE;
				CLANG_WARN_UNREACHABLE_CODE = YES;
				CLANG_WARN__DUPLICATE_METHOD_MATCH = YES;
				CODE_SIGN_IDENTITY = "iPhone Developer";
				COPY_PHASE_STRIP = NO;
				DEBUG_INFORMATION_FORMAT = "dwarf-with-dsym";
				ENABLE_NS_ASSERTIONS = NO;
				ENABLE_STRICT_OBJC_MSGSEND = YES;
				GCC_C_LANGUAGE_STANDARD = gnu11;
				GCC_NO_COMMON_BLOCKS = YES;
				GCC_WARN_64_TO_32_BIT_CONVERSION = YES;
				GCC_WARN_ABOUT_RETURN_TYPE = YES_ERROR;
				GCC_WARN_UNDECLARED_SELECTOR = YES;
				GCC_WARN_UNINITIALIZED_AUTOS = YES_AGGRESSIVE;
				GCC_WARN_UNUSED_FUNCTION = YES;
				GCC_WARN_UNUSED_VARIABLE = YES;
				IPHONEOS_DEPLOYMENT_TARGET = 12.4;
				MTL_ENABLE_DEBUG_INFO = NO;
				MTL_FAST_MATH = YES;
				SDKROOT = iphoneos;
				SWIFT_COMPILATION_MODE = wholemodule;
				SWIFT_OPTIMIZATION_LEVEL = "-O";
				VALIDATE_PRODUCT = YES;
			};
			name = Release;
		};
		CE6B3DDA2324AAEF009E710A /* Debug */ = {
			isa = XCBuildConfiguration;
			buildSettings = {
				ASSETCATALOG_COMPILER_APPICON_NAME = AppIcon;
				CODE_SIGN_STYLE = Automatic;
				DEVELOPMENT_TEAM = 2S56V9G8X6;
				INFOPLIST_FILE = "Part 1 - Sound Effects Application/Info.plist";
				LD_RUNPATH_SEARCH_PATHS = (
					"$(inherited)",
					"@executable_path/Frameworks",
				);
				PRODUCT_BUNDLE_IDENTIFIER = "com.JamesYakas.Part-1---Sound-Effects-Application";
				PRODUCT_NAME = "$(TARGET_NAME)";
				SWIFT_VERSION = 5.0;
				TARGETED_DEVICE_FAMILY = "1,2";
			};
			name = Debug;
		};
		CE6B3DDB2324AAEF009E710A /* Release */ = {
			isa = XCBuildConfiguration;
			buildSettings = {
				ASSETCATALOG_COMPILER_APPICON_NAME = AppIcon;
				CODE_SIGN_STYLE = Automatic;
				DEVELOPMENT_TEAM = 2S56V9G8X6;
				INFOPLIST_FILE = "Part 1 - Sound Effects Application/Info.plist";
				LD_RUNPATH_SEARCH_PATHS = (
					"$(inherited)",
					"@executable_path/Frameworks",
				);
				PRODUCT_BUNDLE_IDENTIFIER = "com.JamesYakas.Part-1---Sound-Effects-Application";
				PRODUCT_NAME = "$(TARGET_NAME)";
				SWIFT_VERSION = 5.0;
				TARGETED_DEVICE_FAMILY = "1,2";
			};
			name = Release;
		};
/* End XCBuildConfiguration section */

/* Begin XCConfigurationList section */
		CE6B3DC22324AAEE009E710A /* Build configuration list for PBXProject "Part 1 - Sound Effects Application" */ = {
			isa = XCConfigurationList;
			buildConfigurations = (
				CE6B3DD72324AAEF009E710A /* Debug */,
				CE6B3DD82324AAEF009E710A /* Release */,
			);
			defaultConfigurationIsVisible = 0;
			defaultConfigurationName = Release;
		};
		CE6B3DD92324AAEF009E710A /* Build configuration list for PBXNativeTarget "Part 1 - Sound Effects Application" */ = {
			isa = XCConfigurationList;
			buildConfigurations = (
				CE6B3DDA2324AAEF009E710A /* Debug */,
				CE6B3DDB2324AAEF009E710A /* Release */,
			);
			defaultConfigurationIsVisible = 0;
			defaultConfigurationName = Release;
		};
/* End XCConfigurationList section */
	};
	rootObject = CE6B3DBF2324AAEE009E710A /* Project object */;
}
